// !$*UTF8*$!
{
	archiveVersion = 1;
	classes = {
	};
	objectVersion = 55;
	objects = {

/* Begin PBXBuildFile section */
		6B109E24274D12BC005F604E /* Personal2ViewController.swift in Sources */ = {isa = PBXBuildFile; fileRef = 6B109E23274D12BC005F604E /* Personal2ViewController.swift */; };
		6B109E26274D175C005F604E /* Personal3ViewController.swift in Sources */ = {isa = PBXBuildFile; fileRef = 6B109E25274D175C005F604E /* Personal3ViewController.swift */; };
		6B30E3C1274E4E5A0053AAC7 /* DataModel.swift in Sources */ = {isa = PBXBuildFile; fileRef = 6B30E3C0274E4E5A0053AAC7 /* DataModel.swift */; };
		6B30E3C3274FDBCB0053AAC7 /* UserData.swift in Sources */ = {isa = PBXBuildFile; fileRef = 6B30E3C2274FDBCA0053AAC7 /* UserData.swift */; };
		6B30E3C7274FDCE80053AAC7 /* UserDB.swift in Sources */ = {isa = PBXBuildFile; fileRef = 6B30E3C6274FDCE80053AAC7 /* UserDB.swift */; };
		6B680B6C2755F43400C359A5 /* HomeCollectionViewCell.swift in Sources */ = {isa = PBXBuildFile; fileRef = 6B680B6B2755F43400C359A5 /* HomeCollectionViewCell.swift */; };
		6B7739F427429A3E0048B511 /* AppDelegate.swift in Sources */ = {isa = PBXBuildFile; fileRef = 6B7739F327429A3E0048B511 /* AppDelegate.swift */; };
		6B7739F627429A3E0048B511 /* SceneDelegate.swift in Sources */ = {isa = PBXBuildFile; fileRef = 6B7739F527429A3E0048B511 /* SceneDelegate.swift */; };
		6B7739FB27429A3E0048B511 /* Main.storyboard in Resources */ = {isa = PBXBuildFile; fileRef = 6B7739F927429A3E0048B511 /* Main.storyboard */; };
		6B7739FD27429A460048B511 /* Assets.xcassets in Resources */ = {isa = PBXBuildFile; fileRef = 6B7739FC27429A460048B511 /* Assets.xcassets */; };
		6B773A0027429A460048B511 /* LaunchScreen.storyboard in Resources */ = {isa = PBXBuildFile; fileRef = 6B7739FE27429A460048B511 /* LaunchScreen.storyboard */; };
		6B773A0827452B460048B511 /* HomeViewController.swift in Sources */ = {isa = PBXBuildFile; fileRef = 6B773A0727452B460048B511 /* HomeViewController.swift */; };
		6B773A0A27452B500048B511 /* AddViewController.swift in Sources */ = {isa = PBXBuildFile; fileRef = 6B773A0927452B500048B511 /* AddViewController.swift */; };
		6B773A0C27452B590048B511 /* PersonalViewController.swift in Sources */ = {isa = PBXBuildFile; fileRef = 6B773A0B27452B590048B511 /* PersonalViewController.swift */; };
		6B773A0E27452B710048B511 /* OnboardingViewController.swift in Sources */ = {isa = PBXBuildFile; fileRef = 6B773A0D27452B710048B511 /* OnboardingViewController.swift */; };
		6B773A1027452B8E0048B511 /* ProfileCellViewController.swift in Sources */ = {isa = PBXBuildFile; fileRef = 6B773A0F27452B8E0048B511 /* ProfileCellViewController.swift */; };
		6B773A1227452BA40048B511 /* PersonalProfileViewController.swift in Sources */ = {isa = PBXBuildFile; fileRef = 6B773A1127452BA40048B511 /* PersonalProfileViewController.swift */; };
		6B773A1427452BB00048B511 /* SettingViewController.swift in Sources */ = {isa = PBXBuildFile; fileRef = 6B773A1327452BB00048B511 /* SettingViewController.swift */; };
		6B773A1627452BC70048B511 /* DeleteAccountViewController.swift in Sources */ = {isa = PBXBuildFile; fileRef = 6B773A1527452BC70048B511 /* DeleteAccountViewController.swift */; };
		6B773A1827452BD20048B511 /* ResetPWViewController.swift in Sources */ = {isa = PBXBuildFile; fileRef = 6B773A1727452BD20048B511 /* ResetPWViewController.swift */; };
		6B773A1A27452BDF0048B511 /* ChangePNViewController.swift in Sources */ = {isa = PBXBuildFile; fileRef = 6B773A1927452BDF0048B511 /* ChangePNViewController.swift */; };
		6B773A1E27452D2A0048B511 /* LogInViewController.swift in Sources */ = {isa = PBXBuildFile; fileRef = 6B773A1D27452D2A0048B511 /* LogInViewController.swift */; };
		6B773A2027452D320048B511 /* SignUpViewController.swift in Sources */ = {isa = PBXBuildFile; fileRef = 6B773A1F27452D320048B511 /* SignUpViewController.swift */; };
		6B773A222746239A0048B511 /* UIView+Extension.swift in Sources */ = {isa = PBXBuildFile; fileRef = 6B773A212746239A0048B511 /* UIView+Extension.swift */; };
		6B773A24274624770048B511 /* OnboardingSlide.swift in Sources */ = {isa = PBXBuildFile; fileRef = 6B773A23274624760048B511 /* OnboardingSlide.swift */; };
		6B773A26274626340048B511 /* OnboardingCell.swift in Sources */ = {isa = PBXBuildFile; fileRef = 6B773A25274626340048B511 /* OnboardingCell.swift */; };
		6BC50A7C27551FF900641598 /* UIColor+Extension.swift in Sources */ = {isa = PBXBuildFile; fileRef = 6BC50A7B27551FF900641598 /* UIColor+Extension.swift */; };
		6BC50A7E27552BF400641598 /* CALayer+Extension.swift in Sources */ = {isa = PBXBuildFile; fileRef = 6BC50A7D27552BF400641598 /* CALayer+Extension.swift */; };
		6BF9EBCC27476E7C00629858 /* EntryViewController.swift in Sources */ = {isa = PBXBuildFile; fileRef = 6BF9EBCB27476E7C00629858 /* EntryViewController.swift */; };
		6BF9EBCE2747751000629858 /* Utilities.swift in Sources */ = {isa = PBXBuildFile; fileRef = 6BF9EBCD2747751000629858 /* Utilities.swift */; };
		6BF9EBD127477C9100629858 /* GoogleService-Info.plist in Resources */ = {isa = PBXBuildFile; fileRef = 6BF9EBD027477C9100629858 /* GoogleService-Info.plist */; };
		6BF9EBD32747C61100629858 /* Constants.swift in Sources */ = {isa = PBXBuildFile; fileRef = 6BF9EBD22747C61100629858 /* Constants.swift */; };
		F47801C8F7F7446D7A3B958B /* Pods_WhoMI_Demo.framework in Frameworks */ = {isa = PBXBuildFile; fileRef = 99E8E07AC6302C3AB7824C48 /* Pods_WhoMI_Demo.framework */; };
/* End PBXBuildFile section */

/* Begin PBXFileReference section */
		4C0D5455A249AC243150D145 /* Pods-WhoMI_Demo.debug.xcconfig */ = {isa = PBXFileReference; includeInIndex = 1; lastKnownFileType = text.xcconfig; name = "Pods-WhoMI_Demo.debug.xcconfig"; path = "Target Support Files/Pods-WhoMI_Demo/Pods-WhoMI_Demo.debug.xcconfig"; sourceTree = "<group>"; };
		6B109E23274D12BC005F604E /* Personal2ViewController.swift */ = {isa = PBXFileReference; lastKnownFileType = sourcecode.swift; path = Personal2ViewController.swift; sourceTree = "<group>"; };
		6B109E25274D175C005F604E /* Personal3ViewController.swift */ = {isa = PBXFileReference; lastKnownFileType = sourcecode.swift; path = Personal3ViewController.swift; sourceTree = "<group>"; };
		6B30E3C0274E4E5A0053AAC7 /* DataModel.swift */ = {isa = PBXFileReference; lastKnownFileType = sourcecode.swift; path = DataModel.swift; sourceTree = "<group>"; };
		6B30E3C2274FDBCA0053AAC7 /* UserData.swift */ = {isa = PBXFileReference; lastKnownFileType = sourcecode.swift; path = UserData.swift; sourceTree = "<group>"; };
		6B30E3C6274FDCE80053AAC7 /* UserDB.swift */ = {isa = PBXFileReference; lastKnownFileType = sourcecode.swift; path = UserDB.swift; sourceTree = "<group>"; };
		6B680B6B2755F43400C359A5 /* HomeCollectionViewCell.swift */ = {isa = PBXFileReference; lastKnownFileType = sourcecode.swift; path = HomeCollectionViewCell.swift; sourceTree = "<group>"; };
		6B7739F027429A3E0048B511 /* WhoMI_Demo.app */ = {isa = PBXFileReference; explicitFileType = wrapper.application; includeInIndex = 0; path = WhoMI_Demo.app; sourceTree = BUILT_PRODUCTS_DIR; };
		6B7739F327429A3E0048B511 /* AppDelegate.swift */ = {isa = PBXFileReference; lastKnownFileType = sourcecode.swift; path = AppDelegate.swift; sourceTree = "<group>"; };
		6B7739F527429A3E0048B511 /* SceneDelegate.swift */ = {isa = PBXFileReference; lastKnownFileType = sourcecode.swift; path = SceneDelegate.swift; sourceTree = "<group>"; };
		6B7739FA27429A3E0048B511 /* Base */ = {isa = PBXFileReference; lastKnownFileType = file.storyboard; name = Base; path = Base.lproj/Main.storyboard; sourceTree = "<group>"; };
		6B7739FC27429A460048B511 /* Assets.xcassets */ = {isa = PBXFileReference; lastKnownFileType = folder.assetcatalog; path = Assets.xcassets; sourceTree = "<group>"; };
		6B7739FF27429A460048B511 /* Base */ = {isa = PBXFileReference; lastKnownFileType = file.storyboard; name = Base; path = Base.lproj/LaunchScreen.storyboard; sourceTree = "<group>"; };
		6B773A0127429A460048B511 /* Info.plist */ = {isa = PBXFileReference; lastKnownFileType = text.plist.xml; path = Info.plist; sourceTree = "<group>"; };
		6B773A0727452B460048B511 /* HomeViewController.swift */ = {isa = PBXFileReference; lastKnownFileType = sourcecode.swift; path = HomeViewController.swift; sourceTree = "<group>"; };
		6B773A0927452B500048B511 /* AddViewController.swift */ = {isa = PBXFileReference; lastKnownFileType = sourcecode.swift; path = AddViewController.swift; sourceTree = "<group>"; };
		6B773A0B27452B590048B511 /* PersonalViewController.swift */ = {isa = PBXFileReference; lastKnownFileType = sourcecode.swift; path = PersonalViewController.swift; sourceTree = "<group>"; };
		6B773A0D27452B710048B511 /* OnboardingViewController.swift */ = {isa = PBXFileReference; lastKnownFileType = sourcecode.swift; path = OnboardingViewController.swift; sourceTree = "<group>"; };
		6B773A0F27452B8E0048B511 /* ProfileCellViewController.swift */ = {isa = PBXFileReference; lastKnownFileType = sourcecode.swift; path = ProfileCellViewController.swift; sourceTree = "<group>"; };
		6B773A1127452BA40048B511 /* PersonalProfileViewController.swift */ = {isa = PBXFileReference; lastKnownFileType = sourcecode.swift; path = PersonalProfileViewController.swift; sourceTree = "<group>"; };
		6B773A1327452BB00048B511 /* SettingViewController.swift */ = {isa = PBXFileReference; lastKnownFileType = sourcecode.swift; path = SettingViewController.swift; sourceTree = "<group>"; };
		6B773A1527452BC70048B511 /* DeleteAccountViewController.swift */ = {isa = PBXFileReference; lastKnownFileType = sourcecode.swift; path = DeleteAccountViewController.swift; sourceTree = "<group>"; };
		6B773A1727452BD20048B511 /* ResetPWViewController.swift */ = {isa = PBXFileReference; lastKnownFileType = sourcecode.swift; path = ResetPWViewController.swift; sourceTree = "<group>"; };
		6B773A1927452BDF0048B511 /* ChangePNViewController.swift */ = {isa = PBXFileReference; lastKnownFileType = sourcecode.swift; path = ChangePNViewController.swift; sourceTree = "<group>"; };
		6B773A1D27452D2A0048B511 /* LogInViewController.swift */ = {isa = PBXFileReference; lastKnownFileType = sourcecode.swift; path = LogInViewController.swift; sourceTree = "<group>"; };
		6B773A1F27452D320048B511 /* SignUpViewController.swift */ = {isa = PBXFileReference; lastKnownFileType = sourcecode.swift; path = SignUpViewController.swift; sourceTree = "<group>"; };
		6B773A212746239A0048B511 /* UIView+Extension.swift */ = {isa = PBXFileReference; lastKnownFileType = sourcecode.swift; path = "UIView+Extension.swift"; sourceTree = "<group>"; };
		6B773A23274624760048B511 /* OnboardingSlide.swift */ = {isa = PBXFileReference; lastKnownFileType = sourcecode.swift; path = OnboardingSlide.swift; sourceTree = "<group>"; };
		6B773A25274626340048B511 /* OnboardingCell.swift */ = {isa = PBXFileReference; lastKnownFileType = sourcecode.swift; path = OnboardingCell.swift; sourceTree = "<group>"; };
		6BC50A7B27551FF900641598 /* UIColor+Extension.swift */ = {isa = PBXFileReference; lastKnownFileType = sourcecode.swift; path = "UIColor+Extension.swift"; sourceTree = "<group>"; };
		6BC50A7D27552BF400641598 /* CALayer+Extension.swift */ = {isa = PBXFileReference; lastKnownFileType = sourcecode.swift; path = "CALayer+Extension.swift"; sourceTree = "<group>"; };
		6BF9EBCB27476E7C00629858 /* EntryViewController.swift */ = {isa = PBXFileReference; lastKnownFileType = sourcecode.swift; path = EntryViewController.swift; sourceTree = "<group>"; };
		6BF9EBCD2747751000629858 /* Utilities.swift */ = {isa = PBXFileReference; fileEncoding = 4; lastKnownFileType = sourcecode.swift; path = Utilities.swift; sourceTree = "<group>"; };
		6BF9EBD027477C9100629858 /* GoogleService-Info.plist */ = {isa = PBXFileReference; fileEncoding = 4; lastKnownFileType = text.plist.xml; path = "GoogleService-Info.plist"; sourceTree = "<group>"; };
		6BF9EBD22747C61100629858 /* Constants.swift */ = {isa = PBXFileReference; lastKnownFileType = sourcecode.swift; path = Constants.swift; sourceTree = "<group>"; };
		99E8E07AC6302C3AB7824C48 /* Pods_WhoMI_Demo.framework */ = {isa = PBXFileReference; explicitFileType = wrapper.framework; includeInIndex = 0; path = Pods_WhoMI_Demo.framework; sourceTree = BUILT_PRODUCTS_DIR; };
		DD2C09E8F246B4BEC6F91477 /* Pods-WhoMI_Demo.release.xcconfig */ = {isa = PBXFileReference; includeInIndex = 1; lastKnownFileType = text.xcconfig; name = "Pods-WhoMI_Demo.release.xcconfig"; path = "Target Support Files/Pods-WhoMI_Demo/Pods-WhoMI_Demo.release.xcconfig"; sourceTree = "<group>"; };
/* End PBXFileReference section */

/* Begin PBXFrameworksBuildPhase section */
		6B7739ED27429A3E0048B511 /* Frameworks */ = {
			isa = PBXFrameworksBuildPhase;
			buildActionMask = 2147483647;
			files = (
				F47801C8F7F7446D7A3B958B /* Pods_WhoMI_Demo.framework in Frameworks */,
			);
			runOnlyForDeploymentPostprocessing = 0;
		};
/* End PBXFrameworksBuildPhase section */

/* Begin PBXGroup section */
		6B30E3C4274FDBD40053AAC7 /* Trash */ = {
			isa = PBXGroup;
			children = (
				6B30E3C0274E4E5A0053AAC7 /* DataModel.swift */,
			);
			path = Trash;
			sourceTree = "<group>";
		};
		6B30E3C5274FDC890053AAC7 /* Database */ = {
			isa = PBXGroup;
			children = (
				6B30E3C6274FDCE80053AAC7 /* UserDB.swift */,
			);
			path = Database;
			sourceTree = "<group>";
		};
		6B7739E727429A3D0048B511 = {
			isa = PBXGroup;
			children = (
				6B7739F227429A3E0048B511 /* WhoMI_Demo */,
				6B7739F127429A3E0048B511 /* Products */,
				DA58B71DAC1389FB44C10175 /* Pods */,
				80DD7ED79119B455E45FAB7C /* Frameworks */,
			);
			sourceTree = "<group>";
		};
		6B7739F127429A3E0048B511 /* Products */ = {
			isa = PBXGroup;
			children = (
				6B7739F027429A3E0048B511 /* WhoMI_Demo.app */,
			);
			name = Products;
			sourceTree = "<group>";
		};
		6B7739F227429A3E0048B511 /* WhoMI_Demo */ = {
			isa = PBXGroup;
			children = (
				6B30E3C4274FDBD40053AAC7 /* Trash */,
				6BF9EBCF2747751800629858 /* Helpers */,
				6B773A2A274634FB0048B511 /* Models */,
				6B30E3C5274FDC890053AAC7 /* Database */,
				6B773A29274633E40048B511 /* Cells */,
				6B773A27274633C30048B511 /* Extension */,
				6B773A1C27452D0A0048B511 /* Storyboard */,
				6B773A1B27452BE30048B511 /* ViewControllers */,
				6B7739F327429A3E0048B511 /* AppDelegate.swift */,
				6B7739F527429A3E0048B511 /* SceneDelegate.swift */,
				6BF9EBD027477C9100629858 /* GoogleService-Info.plist */,
				6B7739FC27429A460048B511 /* Assets.xcassets */,
				6B773A0127429A460048B511 /* Info.plist */,
			);
			path = WhoMI_Demo;
			sourceTree = "<group>";
		};
		6B773A1B27452BE30048B511 /* ViewControllers */ = {
			isa = PBXGroup;
			children = (
				6B773A0D27452B710048B511 /* OnboardingViewController.swift */,
				6BF9EBCB27476E7C00629858 /* EntryViewController.swift */,
				6B773A1F27452D320048B511 /* SignUpViewController.swift */,
				6B773A1D27452D2A0048B511 /* LogInViewController.swift */,
				6B773A0727452B460048B511 /* HomeViewController.swift */,
				6B773A0927452B500048B511 /* AddViewController.swift */,
				6B773A0B27452B590048B511 /* PersonalViewController.swift */,
				6B109E23274D12BC005F604E /* Personal2ViewController.swift */,
				6B109E25274D175C005F604E /* Personal3ViewController.swift */,
				6B773A1127452BA40048B511 /* PersonalProfileViewController.swift */,
				6B773A0F27452B8E0048B511 /* ProfileCellViewController.swift */,
				6B773A1327452BB00048B511 /* SettingViewController.swift */,
				6B773A1527452BC70048B511 /* DeleteAccountViewController.swift */,
				6B773A1727452BD20048B511 /* ResetPWViewController.swift */,
				6B773A1927452BDF0048B511 /* ChangePNViewController.swift */,
			);
			path = ViewControllers;
			sourceTree = "<group>";
		};
		6B773A1C27452D0A0048B511 /* Storyboard */ = {
			isa = PBXGroup;
			children = (
				6B7739F927429A3E0048B511 /* Main.storyboard */,
				6B7739FE27429A460048B511 /* LaunchScreen.storyboard */,
			);
			path = Storyboard;
			sourceTree = "<group>";
		};
		6B773A27274633C30048B511 /* Extension */ = {
			isa = PBXGroup;
			children = (
				6B773A212746239A0048B511 /* UIView+Extension.swift */,
			);
			path = Extension;
			sourceTree = "<group>";
		};
		6B773A29274633E40048B511 /* Cells */ = {
			isa = PBXGroup;
			children = (
				6B773A25274626340048B511 /* OnboardingCell.swift */,
				6B680B6B2755F43400C359A5 /* HomeCollectionViewCell.swift */,
			);
			path = Cells;
			sourceTree = "<group>";
		};
		6B773A2A274634FB0048B511 /* Models */ = {
			isa = PBXGroup;
			children = (
				6B773A23274624760048B511 /* OnboardingSlide.swift */,
				6B30E3C2274FDBCA0053AAC7 /* UserData.swift */,
			);
			path = Models;
			sourceTree = "<group>";
		};
		6BF9EBCF2747751800629858 /* Helpers */ = {
			isa = PBXGroup;
			children = (
				6BF9EBCD2747751000629858 /* Utilities.swift */,
				6BF9EBD22747C61100629858 /* Constants.swift */,
				6BC50A7B27551FF900641598 /* UIColor+Extension.swift */,
				6BC50A7D27552BF400641598 /* CALayer+Extension.swift */,
			);
			path = Helpers;
			sourceTree = "<group>";
		};
		80DD7ED79119B455E45FAB7C /* Frameworks */ = {
			isa = PBXGroup;
			children = (
				99E8E07AC6302C3AB7824C48 /* Pods_WhoMI_Demo.framework */,
			);
			name = Frameworks;
			sourceTree = "<group>";
		};
		DA58B71DAC1389FB44C10175 /* Pods */ = {
			isa = PBXGroup;
			children = (
				4C0D5455A249AC243150D145 /* Pods-WhoMI_Demo.debug.xcconfig */,
				DD2C09E8F246B4BEC6F91477 /* Pods-WhoMI_Demo.release.xcconfig */,
			);
			path = Pods;
			sourceTree = "<group>";
		};
/* End PBXGroup section */

/* Begin PBXNativeTarget section */
		6B7739EF27429A3E0048B511 /* WhoMI_Demo */ = {
			isa = PBXNativeTarget;
			buildConfigurationList = 6B773A0427429A460048B511 /* Build configuration list for PBXNativeTarget "WhoMI_Demo" */;
			buildPhases = (
				482FFC85C05ED6A191C65395 /* [CP] Check Pods Manifest.lock */,
				6B7739EC27429A3E0048B511 /* Sources */,
				6B7739ED27429A3E0048B511 /* Frameworks */,
				6B7739EE27429A3E0048B511 /* Resources */,
				2CC9A51E967F172DB4D21F0F /* [CP] Embed Pods Frameworks */,
			);
			buildRules = (
			);
			dependencies = (
			);
			name = WhoMI_Demo;
			productName = WhoMI_Demo;
			productReference = 6B7739F027429A3E0048B511 /* WhoMI_Demo.app */;
			productType = "com.apple.product-type.application";
		};
/* End PBXNativeTarget section */

/* Begin PBXProject section */
		6B7739E827429A3D0048B511 /* Project object */ = {
			isa = PBXProject;
			attributes = {
				BuildIndependentTargetsInParallel = 1;
				LastSwiftUpdateCheck = 1300;
				LastUpgradeCheck = 1300;
				TargetAttributes = {
					6B7739EF27429A3E0048B511 = {
						CreatedOnToolsVersion = 13.0;
					};
				};
			};
			buildConfigurationList = 6B7739EB27429A3D0048B511 /* Build configuration list for PBXProject "WhoMI_Demo" */;
			compatibilityVersion = "Xcode 13.0";
			developmentRegion = en;
			hasScannedForEncodings = 0;
			knownRegions = (
				en,
				Base,
			);
			mainGroup = 6B7739E727429A3D0048B511;
			productRefGroup = 6B7739F127429A3E0048B511 /* Products */;
			projectDirPath = "";
			projectRoot = "";
			targets = (
				6B7739EF27429A3E0048B511 /* WhoMI_Demo */,
			);
		};
/* End PBXProject section */

/* Begin PBXResourcesBuildPhase section */
		6B7739EE27429A3E0048B511 /* Resources */ = {
			isa = PBXResourcesBuildPhase;
			buildActionMask = 2147483647;
			files = (
				6B773A0027429A460048B511 /* LaunchScreen.storyboard in Resources */,
				6BF9EBD127477C9100629858 /* GoogleService-Info.plist in Resources */,
				6B7739FD27429A460048B511 /* Assets.xcassets in Resources */,
				6B7739FB27429A3E0048B511 /* Main.storyboard in Resources */,
			);
			runOnlyForDeploymentPostprocessing = 0;
		};
/* End PBXResourcesBuildPhase section */

/* Begin PBXShellScriptBuildPhase section */
		2CC9A51E967F172DB4D21F0F /* [CP] Embed Pods Frameworks */ = {
			isa = PBXShellScriptBuildPhase;
			buildActionMask = 2147483647;
			files = (
			);
			inputFileListPaths = (
				"${PODS_ROOT}/Target Support Files/Pods-WhoMI_Demo/Pods-WhoMI_Demo-frameworks-${CONFIGURATION}-input-files.xcfilelist",
			);
			name = "[CP] Embed Pods Frameworks";
			outputFileListPaths = (
				"${PODS_ROOT}/Target Support Files/Pods-WhoMI_Demo/Pods-WhoMI_Demo-frameworks-${CONFIGURATION}-output-files.xcfilelist",
			);
			runOnlyForDeploymentPostprocessing = 0;
			shellPath = /bin/sh;
			shellScript = "\"${PODS_ROOT}/Target Support Files/Pods-WhoMI_Demo/Pods-WhoMI_Demo-frameworks.sh\"\n";
			showEnvVarsInLog = 0;
		};
		482FFC85C05ED6A191C65395 /* [CP] Check Pods Manifest.lock */ = {
			isa = PBXShellScriptBuildPhase;
			buildActionMask = 2147483647;
			files = (
			);
			inputFileListPaths = (
			);
			inputPaths = (
				"${PODS_PODFILE_DIR_PATH}/Podfile.lock",
				"${PODS_ROOT}/Manifest.lock",
			);
			name = "[CP] Check Pods Manifest.lock";
			outputFileListPaths = (
			);
			outputPaths = (
				"$(DERIVED_FILE_DIR)/Pods-WhoMI_Demo-checkManifestLockResult.txt",
			);
			runOnlyForDeploymentPostprocessing = 0;
			shellPath = /bin/sh;
			shellScript = "diff \"${PODS_PODFILE_DIR_PATH}/Podfile.lock\" \"${PODS_ROOT}/Manifest.lock\" > /dev/null\nif [ $? != 0 ] ; then\n    # print error to STDERR\n    echo \"error: The sandbox is not in sync with the Podfile.lock. Run 'pod install' or update your CocoaPods installation.\" >&2\n    exit 1\nfi\n# This output is used by Xcode 'outputs' to avoid re-running this script phase.\necho \"SUCCESS\" > \"${SCRIPT_OUTPUT_FILE_0}\"\n";
			showEnvVarsInLog = 0;
		};
/* End PBXShellScriptBuildPhase section */

/* Begin PBXSourcesBuildPhase section */
		6B7739EC27429A3E0048B511 /* Sources */ = {
			isa = PBXSourcesBuildPhase;
			buildActionMask = 2147483647;
			files = (
				6B773A26274626340048B511 /* OnboardingCell.swift in Sources */,
				6B7739F427429A3E0048B511 /* AppDelegate.swift in Sources */,
				6B773A0E27452B710048B511 /* OnboardingViewController.swift in Sources */,
				6B773A1227452BA40048B511 /* PersonalProfileViewController.swift in Sources */,
				6B109E26274D175C005F604E /* Personal3ViewController.swift in Sources */,
				6B773A222746239A0048B511 /* UIView+Extension.swift in Sources */,
				6BF9EBCC27476E7C00629858 /* EntryViewController.swift in Sources */,
				6B680B6C2755F43400C359A5 /* HomeCollectionViewCell.swift in Sources */,
				6B773A24274624770048B511 /* OnboardingSlide.swift in Sources */,
				6B773A0C27452B590048B511 /* PersonalViewController.swift in Sources */,
				6BC50A7C27551FF900641598 /* UIColor+Extension.swift in Sources */,
				6B773A1027452B8E0048B511 /* ProfileCellViewController.swift in Sources */,
				6B773A1627452BC70048B511 /* DeleteAccountViewController.swift in Sources */,
				6B773A1E27452D2A0048B511 /* LogInViewController.swift in Sources */,
				6B773A1427452BB00048B511 /* SettingViewController.swift in Sources */,
				6B773A2027452D320048B511 /* SignUpViewController.swift in Sources */,
				6BF9EBCE2747751000629858 /* Utilities.swift in Sources */,
				6B109E24274D12BC005F604E /* Personal2ViewController.swift in Sources */,
				6B30E3C7274FDCE80053AAC7 /* UserDB.swift in Sources */,
				6B7739F627429A3E0048B511 /* SceneDelegate.swift in Sources */,
				6BF9EBD32747C61100629858 /* Constants.swift in Sources */,
				6B30E3C3274FDBCB0053AAC7 /* UserData.swift in Sources */,
				6BC50A7E27552BF400641598 /* CALayer+Extension.swift in Sources */,
				6B773A0A27452B500048B511 /* AddViewController.swift in Sources */,
				6B773A1827452BD20048B511 /* ResetPWViewController.swift in Sources */,
				6B773A1A27452BDF0048B511 /* ChangePNViewController.swift in Sources */,
				6B773A0827452B460048B511 /* HomeViewController.swift in Sources */,
				6B30E3C1274E4E5A0053AAC7 /* DataModel.swift in Sources */,
			);
			runOnlyForDeploymentPostprocessing = 0;
		};
/* End PBXSourcesBuildPhase section */

/* Begin PBXVariantGroup section */
		6B7739F927429A3E0048B511 /* Main.storyboard */ = {
			isa = PBXVariantGroup;
			children = (
				6B7739FA27429A3E0048B511 /* Base */,
			);
			name = Main.storyboard;
			sourceTree = "<group>";
		};
		6B7739FE27429A460048B511 /* LaunchScreen.storyboard */ = {
			isa = PBXVariantGroup;
			children = (
				6B7739FF27429A460048B511 /* Base */,
			);
			name = LaunchScreen.storyboard;
			sourceTree = "<group>";
		};
/* End PBXVariantGroup section */

/* Begin XCBuildConfiguration section */
		6B773A0227429A460048B511 /* Debug */ = {
			isa = XCBuildConfiguration;
			buildSettings = {
				ALWAYS_SEARCH_USER_PATHS = NO;
				CLANG_ANALYZER_NONNULL = YES;
				CLANG_ANALYZER_NUMBER_OBJECT_CONVERSION = YES_AGGRESSIVE;
				CLANG_CXX_LANGUAGE_STANDARD = "gnu++17";
				CLANG_CXX_LIBRARY = "libc++";
				CLANG_ENABLE_MODULES = YES;
				CLANG_ENABLE_OBJC_ARC = YES;
				CLANG_ENABLE_OBJC_WEAK = YES;
				CLANG_WARN_BLOCK_CAPTURE_AUTORELEASING = YES;
				CLANG_WARN_BOOL_CONVERSION = YES;
				CLANG_WARN_COMMA = YES;
				CLANG_WARN_CONSTANT_CONVERSION = YES;
				CLANG_WARN_DEPRECATED_OBJC_IMPLEMENTATIONS = YES;
				CLANG_WARN_DIRECT_OBJC_ISA_USAGE = YES_ERROR;
				CLANG_WARN_DOCUMENTATION_COMMENTS = YES;
				CLANG_WARN_EMPTY_BODY = YES;
				CLANG_WARN_ENUM_CONVERSION = YES;
				CLANG_WARN_INFINITE_RECURSION = YES;
				CLANG_WARN_INT_CONVERSION = YES;
				CLANG_WARN_NON_LITERAL_NULL_CONVERSION = YES;
				CLANG_WARN_OBJC_IMPLICIT_RETAIN_SELF = YES;
				CLANG_WARN_OBJC_LITERAL_CONVERSION = YES;
				CLANG_WARN_OBJC_ROOT_CLASS = YES_ERROR;
				CLANG_WARN_QUOTED_INCLUDE_IN_FRAMEWORK_HEADER = YES;
				CLANG_WARN_RANGE_LOOP_ANALYSIS = YES;
				CLANG_WARN_STRICT_PROTOTYPES = YES;
				CLANG_WARN_SUSPICIOUS_MOVE = YES;
				CLANG_WARN_UNGUARDED_AVAILABILITY = YES_AGGRESSIVE;
				CLANG_WARN_UNREACHABLE_CODE = YES;
				CLANG_WARN__DUPLICATE_METHOD_MATCH = YES;
				COPY_PHASE_STRIP = NO;
				DEBUG_INFORMATION_FORMAT = dwarf;
				ENABLE_STRICT_OBJC_MSGSEND = YES;
				ENABLE_TESTABILITY = YES;
				GCC_C_LANGUAGE_STANDARD = gnu11;
				GCC_DYNAMIC_NO_PIC = NO;
				GCC_NO_COMMON_BLOCKS = YES;
				GCC_OPTIMIZATION_LEVEL = 0;
				GCC_PREPROCESSOR_DEFINITIONS = (
					"DEBUG=1",
					"$(inherited)",
				);
				GCC_WARN_64_TO_32_BIT_CONVERSION = YES;
				GCC_WARN_ABOUT_RETURN_TYPE = YES_ERROR;
				GCC_WARN_UNDECLARED_SELECTOR = YES;
				GCC_WARN_UNINITIALIZED_AUTOS = YES_AGGRESSIVE;
				GCC_WARN_UNUSED_FUNCTION = YES;
				GCC_WARN_UNUSED_VARIABLE = YES;
				IPHONEOS_DEPLOYMENT_TARGET = 13.0;
				MTL_ENABLE_DEBUG_INFO = INCLUDE_SOURCE;
				MTL_FAST_MATH = YES;
				ONLY_ACTIVE_ARCH = YES;
				SDKROOT = iphoneos;
				SWIFT_ACTIVE_COMPILATION_CONDITIONS = DEBUG;
				SWIFT_OPTIMIZATION_LEVEL = "-Onone";
			};
			name = Debug;
		};
		6B773A0327429A460048B511 /* Release */ = {
			isa = XCBuildConfiguration;
			buildSettings = {
				ALWAYS_SEARCH_USER_PATHS = NO;
				CLANG_ANALYZER_NONNULL = YES;
				CLANG_ANALYZER_NUMBER_OBJECT_CONVERSION = YES_AGGRESSIVE;
				CLANG_CXX_LANGUAGE_STANDARD = "gnu++17";
				CLANG_CXX_LIBRARY = "libc++";
				CLANG_ENABLE_MODULES = YES;
				CLANG_ENABLE_OBJC_ARC = YES;
				CLANG_ENABLE_OBJC_WEAK = YES;
				CLANG_WARN_BLOCK_CAPTURE_AUTORELEASING = YES;
				CLANG_WARN_BOOL_CONVERSION = YES;
				CLANG_WARN_COMMA = YES;
				CLANG_WARN_CONSTANT_CONVERSION = YES;
				CLANG_WARN_DEPRECATED_OBJC_IMPLEMENTATIONS = YES;
				CLANG_WARN_DIRECT_OBJC_ISA_USAGE = YES_ERROR;
				CLANG_WARN_DOCUMENTATION_COMMENTS = YES;
				CLANG_WARN_EMPTY_BODY = YES;
				CLANG_WARN_ENUM_CONVERSION = YES;
				CLANG_WARN_INFINITE_RECURSION = YES;
				CLANG_WARN_INT_CONVERSION = YES;
				CLANG_WARN_NON_LITERAL_NULL_CONVERSION = YES;
				CLANG_WARN_OBJC_IMPLICIT_RETAIN_SELF = YES;
				CLANG_WARN_OBJC_LITERAL_CONVERSION = YES;
				CLANG_WARN_OBJC_ROOT_CLASS = YES_ERROR;
				CLANG_WARN_QUOTED_INCLUDE_IN_FRAMEWORK_HEADER = YES;
				CLANG_WARN_RANGE_LOOP_ANALYSIS = YES;
				CLANG_WARN_STRICT_PROTOTYPES = YES;
				CLANG_WARN_SUSPICIOUS_MOVE = YES;
				CLANG_WARN_UNGUARDED_AVAILABILITY = YES_AGGRESSIVE;
				CLANG_WARN_UNREACHABLE_CODE = YES;
				CLANG_WARN__DUPLICATE_METHOD_MATCH = YES;
				COPY_PHASE_STRIP = NO;
				DEBUG_INFORMATION_FORMAT = "dwarf-with-dsym";
				ENABLE_NS_ASSERTIONS = NO;
				ENABLE_STRICT_OBJC_MSGSEND = YES;
				GCC_C_LANGUAGE_STANDARD = gnu11;
				GCC_NO_COMMON_BLOCKS = YES;
				GCC_WARN_64_TO_32_BIT_CONVERSION = YES;
				GCC_WARN_ABOUT_RETURN_TYPE = YES_ERROR;
				GCC_WARN_UNDECLARED_SELECTOR = YES;
				GCC_WARN_UNINITIALIZED_AUTOS = YES_AGGRESSIVE;
				GCC_WARN_UNUSED_FUNCTION = YES;
				GCC_WARN_UNUSED_VARIABLE = YES;
				IPHONEOS_DEPLOYMENT_TARGET = 13.0;
				MTL_ENABLE_DEBUG_INFO = NO;
				MTL_FAST_MATH = YES;
				SDKROOT = iphoneos;
				SWIFT_COMPILATION_MODE = wholemodule;
				SWIFT_OPTIMIZATION_LEVEL = "-O";
				VALIDATE_PRODUCT = YES;
			};
			name = Release;
		};
		6B773A0527429A460048B511 /* Debug */ = {
			isa = XCBuildConfiguration;
			baseConfigurationReference = 4C0D5455A249AC243150D145 /* Pods-WhoMI_Demo.debug.xcconfig */;
			buildSettings = {
				ASSETCATALOG_COMPILER_APPICON_NAME = AppIcon;
				ASSETCATALOG_COMPILER_GLOBAL_ACCENT_COLOR_NAME = AccentColor;
				CODE_SIGN_STYLE = Automatic;
				CURRENT_PROJECT_VERSION = 1;
				DEVELOPMENT_TEAM = NA8HN478WA;
				GENERATE_INFOPLIST_FILE = YES;
				INFOPLIST_FILE = WhoMI_Demo/Info.plist;
				INFOPLIST_KEY_UIApplicationSupportsIndirectInputEvents = YES;
				INFOPLIST_KEY_UILaunchStoryboardName = LaunchScreen;
				INFOPLIST_KEY_UIMainStoryboardFile = Main;
				INFOPLIST_KEY_UISupportedInterfaceOrientations = UIInterfaceOrientationPortrait;
				INFOPLIST_KEY_UISupportedInterfaceOrientations_iPad = "UIInterfaceOrientationPortrait UIInterfaceOrientationPortraitUpsideDown UIInterfaceOrientationLandscapeLeft UIInterfaceOrientationLandscapeRight";
				INFOPLIST_KEY_UISupportedInterfaceOrientations_iPhone = "UIInterfaceOrientationPortrait UIInterfaceOrientationLandscapeLeft UIInterfaceOrientationLandscapeRight";
				IPHONEOS_DEPLOYMENT_TARGET = 13.0;
				LD_RUNPATH_SEARCH_PATHS = (
					"$(inherited)",
					"@executable_path/Frameworks",
				);
				MARKETING_VERSION = 1.0;
				PRODUCT_BUNDLE_IDENTIFIER = "com.codePat.WhoMI-Demo";
				PRODUCT_NAME = "$(TARGET_NAME)";
				SWIFT_EMIT_LOC_STRINGS = YES;
				SWIFT_VERSION = 5.0;
				TARGETED_DEVICE_FAMILY = 1;
			};
			name = Debug;
		};
		6B773A0627429A460048B511 /* Release */ = {
			isa = XCBuildConfiguration;
			baseConfigurationReference = DD2C09E8F246B4BEC6F91477 /* Pods-WhoMI_Demo.release.xcconfig */;
			buildSettings = {
				ASSETCATALOG_COMPILER_APPICON_NAME = AppIcon;
				ASSETCATALOG_COMPILER_GLOBAL_ACCENT_COLOR_NAME = AccentColor;
				CODE_SIGN_STYLE = Automatic;
				CURRENT_PROJECT_VERSION = 1;
				DEVELOPMENT_TEAM = NA8HN478WA;
				GENERATE_INFOPLIST_FILE = YES;
				INFOPLIST_FILE = WhoMI_Demo/Info.plist;
				INFOPLIST_KEY_UIApplicationSupportsIndirectInputEvents = YES;
				INFOPLIST_KEY_UILaunchStoryboardName = LaunchScreen;
				INFOPLIST_KEY_UIMainStoryboardFile = Main;
				INFOPLIST_KEY_UISupportedInterfaceOrientations = UIInterfaceOrientationPortrait;
				INFOPLIST_KEY_UISupportedInterfaceOrientations_iPad = "UIInterfaceOrientationPortrait UIInterfaceOrientationPortraitUpsideDown UIInterfaceOrientationLandscapeLeft UIInterfaceOrientationLandscapeRight";
				INFOPLIST_KEY_UISupportedInterfaceOrientations_iPhone = "UIInterfaceOrientationPortrait UIInterfaceOrientationLandscapeLeft UIInterfaceOrientationLandscapeRight";
				IPHONEOS_DEPLOYMENT_TARGET = 13.0;
				LD_RUNPATH_SEARCH_PATHS = (
					"$(inherited)",
					"@executable_path/Frameworks",
				);
				MARKETING_VERSION = 1.0;
				PRODUCT_BUNDLE_IDENTIFIER = "com.codePat.WhoMI-Demo";
				PRODUCT_NAME = "$(TARGET_NAME)";
				SWIFT_EMIT_LOC_STRINGS = YES;
				SWIFT_VERSION = 5.0;
				TARGETED_DEVICE_FAMILY = 1;
			};
			name = Release;
		};
/* End XCBuildConfiguration section */

/* Begin XCConfigurationList section */
		6B7739EB27429A3D0048B511 /* Build configuration list for PBXProject "WhoMI_Demo" */ = {
			isa = XCConfigurationList;
			buildConfigurations = (
				6B773A0227429A460048B511 /* Debug */,
				6B773A0327429A460048B511 /* Release */,
			);
			defaultConfigurationIsVisible = 0;
			defaultConfigurationName = Release;
		};
		6B773A0427429A460048B511 /* Build configuration list for PBXNativeTarget "WhoMI_Demo" */ = {
			isa = XCConfigurationList;
			buildConfigurations = (
				6B773A0527429A460048B511 /* Debug */,
				6B773A0627429A460048B511 /* Release */,
			);
			defaultConfigurationIsVisible = 0;
			defaultConfigurationName = Release;
		};
/* End XCConfigurationList section */
	};
	rootObject = 6B7739E827429A3D0048B511 /* Project object */;
}
